
Microsoft Visual Studio Solution File, Format Version 12.00
# Visual Studio Version 17
VisualStudioVersion = 17.6.33801.468
MinimumVisualStudioVersion = 10.0.40219.1
Project("{9A19103F-16F7-4668-BE54-9A1E7A4F7556}") = "PUB.API", "PUB.API\PUB.API.csproj", "{9D437BDE-8F75-447A-AD96-8E9AA2013065}"
EndProject
Project("{9A19103F-16F7-4668-BE54-9A1E7A4F7556}") = "PUB.Domain", "PUB.Domain\PUB.Domain.csproj", "{4D8FD7A0-5C03-4136-832A-2F46A2A487EF}"
EndProject
Project("{9A19103F-16F7-4668-BE54-9A1E7A4F7556}") = "PUB.Data", "PUB.Data\PUB.Data.csproj", "{5A23D6C1-1FA0-41B0-A561-6AD9DA0C144B}"
EndProject
Project("{2150E333-8FDC-42A3-9474-1A3956D46DE8}") = "1-API", "1-API", "{5E46C3AE-FA8E-4F67-BA44-C0373E36B4AC}"
EndProject
Project("{2150E333-8FDC-42A3-9474-1A3956D46DE8}") = "2-Domain", "2-Domain", "{C43CB166-6F22-47E4-B661-ADBC0539F373}"
EndProject
Project("{2150E333-8FDC-42A3-9474-1A3956D46DE8}") = "3-Data", "3-Data", "{C68965F0-8F10-4CE6-A2F1-886655E8815B}"
EndProject
Project("{2150E333-8FDC-42A3-9474-1A3956D46DE8}") = "4-Infra", "4-Infra", "{584D4BD2-9450-4991-A2D5-2361FC37E3C6}"
EndProject
Project("{9A19103F-16F7-4668-BE54-9A1E7A4F7556}") = "PUB.Common", "PUB.Common\PUB.Common.csproj", "{A81AA598-ECDA-401F-A365-F8744DF5D60B}"
EndProject
Global
	GlobalSection(SolutionConfigurationPlatforms) = preSolution
		Debug|Any CPU = Debug|Any CPU
		Release|Any CPU = Release|Any CPU
	EndGlobalSection
	GlobalSection(ProjectConfigurationPlatforms) = postSolution
		{9D437BDE-8F75-447A-AD96-8E9AA2013065}.Debug|Any CPU.ActiveCfg = Debug|Any CPU
		{9D437BDE-8F75-447A-AD96-8E9AA2013065}.Debug|Any CPU.Build.0 = Debug|Any CPU
		{9D437BDE-8F75-447A-AD96-8E9AA2013065}.Release|Any CPU.ActiveCfg = Release|Any CPU
		{9D437BDE-8F75-447A-AD96-8E9AA2013065}.Release|Any CPU.Build.0 = Release|Any CPU
		{4D8FD7A0-5C03-4136-832A-2F46A2A487EF}.Debug|Any CPU.ActiveCfg = Debug|Any CPU
		{4D8FD7A0-5C03-4136-832A-2F46A2A487EF}.Debug|Any CPU.Build.0 = Debug|Any CPU
		{4D8FD7A0-5C03-4136-832A-2F46A2A487EF}.Release|Any CPU.ActiveCfg = Release|Any CPU
		{4D8FD7A0-5C03-4136-832A-2F46A2A487EF}.Release|Any CPU.Build.0 = Release|Any CPU
		{5A23D6C1-1FA0-41B0-A561-6AD9DA0C144B}.Debug|Any CPU.ActiveCfg = Debug|Any CPU
		{5A23D6C1-1FA0-41B0-A561-6AD9DA0C144B}.Debug|Any CPU.Build.0 = Debug|Any CPU
		{5A23D6C1-1FA0-41B0-A561-6AD9DA0C144B}.Release|Any CPU.ActiveCfg = Release|Any CPU
		{5A23D6C1-1FA0-41B0-A561-6AD9DA0C144B}.Release|Any CPU.Build.0 = Release|Any CPU
		{A81AA598-ECDA-401F-A365-F8744DF5D60B}.Debug|Any CPU.ActiveCfg = Debug|Any CPU
		{A81AA598-ECDA-401F-A365-F8744DF5D60B}.Debug|Any CPU.Build.0 = Debug|Any CPU
		{A81AA598-ECDA-401F-A365-F8744DF5D60B}.Release|Any CPU.ActiveCfg = Release|Any CPU
		{A81AA598-ECDA-401F-A365-F8744DF5D60B}.Release|Any CPU.Build.0 = Release|Any CPU
	EndGlobalSection
	GlobalSection(SolutionProperties) = preSolution
		HideSolutionNode = FALSE
	EndGlobalSection
	GlobalSection(NestedProjects) = preSolution
		{9D437BDE-8F75-447A-AD96-8E9AA2013065} = {5E46C3AE-FA8E-4F67-BA44-C0373E36B4AC}
		{4D8FD7A0-5C03-4136-832A-2F46A2A487EF} = {C43CB166-6F22-47E4-B661-ADBC0539F373}
		{5A23D6C1-1FA0-41B0-A561-6AD9DA0C144B} = {C68965F0-8F10-4CE6-A2F1-886655E8815B}
		{A81AA598-ECDA-401F-A365-F8744DF5D60B} = {584D4BD2-9450-4991-A2D5-2361FC37E3C6}
	EndGlobalSection
	GlobalSection(ExtensibilityGlobals) = postSolution
		SolutionGuid = {14A48E9D-4A39-404B-931D-C6AAD60468F9}
	EndGlobalSection
EndGlobal
